
Microsoft Visual Studio Solution File, Format Version 12.00
# Visual Studio Version 16
VisualStudioVersion = 16.0.30028.174
MinimumVisualStudioVersion = 10.0.40219.1
Project("{FAE04EC0-301F-11D3-BF4B-00C04F79EFBC}") = "Test", "Test\Test.csproj", "{162571C4-2B8D-4549-9B87-88D91CBAE940}"
EndProject
Project("{FAE04EC0-301F-11D3-BF4B-00C04F79EFBC}") = "CfgTest", "CfgTest\CfgTest.csproj", "{84DF7F4A-6E0F-47FF-A3CE-B370F5EDC2F6}"
EndProject
Global
	GlobalSection(SolutionConfigurationPlatforms) = preSolution
		Debug|Any CPU = Debug|Any CPU
		Release|Any CPU = Release|Any CPU
	EndGlobalSection
	GlobalSection(ProjectConfigurationPlatforms) = postSolution
		{162571C4-2B8D-4549-9B87-88D91CBAE940}.Debug|Any CPU.ActiveCfg = Debug|Any CPU
		{162571C4-2B8D-4549-9B87-88D91CBAE940}.Debug|Any CPU.Build.0 = Debug|Any CPU
		{162571C4-2B8D-4549-9B87-88D91CBAE940}.Release|Any CPU.ActiveCfg = Release|Any CPU
		{162571C4-2B8D-4549-9B87-88D91CBAE940}.Release|Any CPU.Build.0 = Release|Any CPU
		{84DF7F4A-6E0F-47FF-A3CE-B370F5EDC2F6}.Debug|Any CPU.ActiveCfg = Debug|Any CPU
		{84DF7F4A-6E0F-47FF-A3CE-B370F5EDC2F6}.Debug|Any CPU.Build.0 = Debug|Any CPU
		{84DF7F4A-6E0F-47FF-A3CE-B370F5EDC2F6}.Release|Any CPU.ActiveCfg = Release|Any CPU
		{84DF7F4A-6E0F-47FF-A3CE-B370F5EDC2F6}.Release|Any CPU.Build.0 = Release|Any CPU
	EndGlobalSection
	GlobalSection(SolutionProperties) = preSolution
		HideSolutionNode = FALSE
	EndGlobalSection
	GlobalSection(ExtensibilityGlobals) = postSolution
		SolutionGuid = {C38FCC27-5BDB-4B68-B3FF-5ACC8F1A5D75}
	EndGlobalSection
EndGlobal
